
Microsoft Visual Studio Solution File, Format Version 12.00
# Visual Studio Version 16
VisualStudioVersion = 16.0.32228.343
MinimumVisualStudioVersion = 10.0.40219.1
Project("{FAE04EC0-301F-11D3-BF4B-00C04F79EFBC}") = "EmployeWage131batch", "EmployeWage131batch\EmployeWage131batch.csproj", "{8581B5EC-D94C-49F9-9344-773A75658D3B}"
EndProject
Global
	GlobalSection(SolutionConfigurationPlatforms) = preSolution
		Debug|Any CPU = Debug|Any CPU
		Release|Any CPU = Release|Any CPU
	EndGlobalSection
	GlobalSection(ProjectConfigurationPlatforms) = postSolution
		{8581B5EC-D94C-49F9-9344-773A75658D3B}.Debug|Any CPU.ActiveCfg = Debug|Any CPU
		{8581B5EC-D94C-49F9-9344-773A75658D3B}.Debug|Any CPU.Build.0 = Debug|Any CPU
		{8581B5EC-D94C-49F9-9344-773A75658D3B}.Release|Any CPU.ActiveCfg = Release|Any CPU
		{8581B5EC-D94C-49F9-9344-773A75658D3B}.Release|Any CPU.Build.0 = Release|Any CPU
	EndGlobalSection
	GlobalSection(SolutionProperties) = preSolution
		HideSolutionNode = FALSE
	EndGlobalSection
	GlobalSection(ExtensibilityGlobals) = postSolution
		SolutionGuid = {02BA0692-8888-49AC-AE23-C65E0C8ABD5E}
	EndGlobalSection
EndGlobal
